
Microsoft Visual Studio Solution File, Format Version 12.00
# Visual Studio 15
VisualStudioVersion = 15.0.27130.2010
MinimumVisualStudioVersion = 10.0.40219.1
Project("{FAE04EC0-301F-11D3-BF4B-00C04F79EFBC}") = "Forum.App", "Forum.App\Forum.App.csproj", "{807481AB-F511-4D58-996D-F5D9F81BE677}"
EndProject
Project("{FAE04EC0-301F-11D3-BF4B-00C04F79EFBC}") = "Forum.Models", "Forum.Models\Forum.Models.csproj", "{2B998B6E-1927-40E8-8692-9C0C8CA2EF4C}"
EndProject
Project("{FAE04EC0-301F-11D3-BF4B-00C04F79EFBC}") = "Forum.Data", "Forum.Data\Forum.Data.csproj", "{F83EFD99-B144-4C08-93A9-E3462A9C9025}"
EndProject
Global
	GlobalSection(SolutionConfigurationPlatforms) = preSolution
		Debug|Any CPU = Debug|Any CPU
		Release|Any CPU = Release|Any CPU
	EndGlobalSection
	GlobalSection(ProjectConfigurationPlatforms) = postSolution
		{807481AB-F511-4D58-996D-F5D9F81BE677}.Debug|Any CPU.ActiveCfg = Debug|Any CPU
		{807481AB-F511-4D58-996D-F5D9F81BE677}.Debug|Any CPU.Build.0 = Debug|Any CPU
		{807481AB-F511-4D58-996D-F5D9F81BE677}.Release|Any CPU.ActiveCfg = Release|Any CPU
		{807481AB-F511-4D58-996D-F5D9F81BE677}.Release|Any CPU.Build.0 = Release|Any CPU
		{2B998B6E-1927-40E8-8692-9C0C8CA2EF4C}.Debug|Any CPU.ActiveCfg = Debug|Any CPU
		{2B998B6E-1927-40E8-8692-9C0C8CA2EF4C}.Debug|Any CPU.Build.0 = Debug|Any CPU
		{2B998B6E-1927-40E8-8692-9C0C8CA2EF4C}.Release|Any CPU.ActiveCfg = Release|Any CPU
		{2B998B6E-1927-40E8-8692-9C0C8CA2EF4C}.Release|Any CPU.Build.0 = Release|Any CPU
		{F83EFD99-B144-4C08-93A9-E3462A9C9025}.Debug|Any CPU.ActiveCfg = Debug|Any CPU
		{F83EFD99-B144-4C08-93A9-E3462A9C9025}.Debug|Any CPU.Build.0 = Debug|Any CPU
		{F83EFD99-B144-4C08-93A9-E3462A9C9025}.Release|Any CPU.ActiveCfg = Release|Any CPU
		{F83EFD99-B144-4C08-93A9-E3462A9C9025}.Release|Any CPU.Build.0 = Release|Any CPU
	EndGlobalSection
	GlobalSection(SolutionProperties) = preSolution
		HideSolutionNode = FALSE
	EndGlobalSection
	GlobalSection(ExtensibilityGlobals) = postSolution
		SolutionGuid = {06BF79BC-AFE0-4F1C-8D1C-C3ED171571E3}
	EndGlobalSection
EndGlobal
